github.com/nevidanniu/sample-apispec v0.0.0-20250416103906-ad7dbfb1911e h1:iY6TVwH6N5Q2EN1tYYXXVcEvy/aEeZYLy3Trcp+Xdi4=
github.com/nevidanniu/sample-apispec v0.0.0-20250416103906-ad7dbfb1911e/go.mod h1:BElYF9G7x1B0EivEv4j7K+d3MFgDpj7q3HsVOgHyruo=
github.com/nevidanniu/sample-apispec v0.0.0-20250416104805-da29b9739590 h1:Uu/AcoIU50s9atpL0bq+v0ezc8UhOjbNBszI5FBuAXs=
github.com/nevidanniu/sample-apispec v0.0.0-20250416104805-da29b9739590/go.mod h1:BElYF9G7x1B0EivEv4j7K+d3MFgDpj7q3HsVOgHyruo=
github.com/nevidanniu/sample-apispec v0.0.0-20250416105037-8a61c8b67319 h1:y88pkxNzIzF+pRHkjPhmdAkyhDUfc2799TKOZzVzs0M=
github.com/nevidanniu/sample-apispec v0.0.0-20250416105037-8a61c8b67319/go.mod h1:BElYF9G7x1B0EivEv4j7K+d3MFgDpj7q3HsVOgHyruo=
github.com/nevidanniu/sample-apispec v0.0.0-20250416105522-16d3e97b4371 h1:nNmAfncWyPZG42BiP7gUposUUx+xeh6iB9UH+gEpTuQ=
github.com/nevidanniu/sample-apispec v0.0.0-20250416105522-16d3e97b4371/go.mod h1:BElYF9G7x1B0EivEv4j7K+d3MFgDpj7q3HsVOgHyruo=
